<?xml version="1.0" encoding="utf-8"?>
<Project ToolsVersion="4.0" xmlns="http://schemas.microsoft.com/developer/msbuild/2003">
  <ItemGroup>
    <Filter Include="Source Files">
      <UniqueIdentifier>{4FC737F1-C7A5-4376-A066-2A32D752A2FF}</UniqueIdentifier>
      <Extensions>cpp;c;cc;cxx;def;odl;idl;hpj;bat;asm;asmx</Extensions>
    </Filter>
    <Filter Include="Header Files">
      <UniqueIdentifier>{93995380-89BD-4b04-88EB-625FBE52EBFB}</UniqueIdentifier>
      <Extensions>h;hh;hpp;hxx;hm;inl;inc;ipp;xsd</Extensions>
    </Filter>
    <Filter Include="Resource Files">
      <UniqueIdentifier>{67DA6AB6-F800-4c08-8B7A-83BB121AAD01}</UniqueIdentifier>
      <Extensions>rc;ico;cur;bmp;dlg;rc2;rct;bin;rgs;gif;jpg;jpeg;jpe;resx;tiff;tif;png;wav;mfcribbon-ms</Extensions>
    </Filter>
  </ItemGroup>
  <ItemGroup>
    <ClCompile Include="TestBAC.cpp">
      <Filter>Source Files</Filter>
    </ClCompile>
    <ClCompile Include="demo_c0.cpp">
      <Filter>Source Files</Filter>
    </ClCompile>
    <ClCompile Include="demo_c1.cpp">
      <Filter>Source Files</Filter>
    </ClCompile>
    <ClCompile Include="demo_c2.cpp">
      <Filter>Source Files</Filter>
    </ClCompile>
    <ClCompile Include="demo_c3.cpp">
      <Filter>Source Files</Filter>
    </ClCompile>
    <ClCompile Include="demo_c4.cpp">
      <Filter>Source Files</Filter>
    </ClCompile>
    <ClCompile Include="demo_c5.cpp">
      <Filter>Source Files</Filter>
    </ClCompile>
    <ClCompile Include="demo_c6.cpp">
      <Filter>Source Files</Filter>
    </ClCompile>
    <ClCompile Include="demo_c7.cpp">
      <Filter>Source Files</Filter>
    </ClCompile>
    <ClCompile Include="demo_c8.cpp">
      <Filter>Source Files</Filter>
    </ClCompile>
    <ClCompile Include="demo_c9.cpp">
      <Filter>Source Files</Filter>
    </ClCompile>
    <ClCompile Include="demo_c10.cpp">
      <Filter>Source Files</Filter>
    </ClCompile>
    <ClCompile Include="demo_c11.cpp">
      <Filter>Source Files</Filter>
    </ClCompile>
    <ClCompile Include="demo_c12.cpp">
      <Filter>Source Files</Filter>
    </ClCompile>
    <ClCompile Include="demo_c13.cpp">
      <Filter>Source Files</Filter>
    </ClCompile>
    <ClCompile Include="demo_c14.cpp">
      <Filter>Source Files</Filter>
    </ClCompile>
    <ClCompile Include="demo_c15.cpp">
      <Filter>Source Files</Filter>
    </ClCompile>
    <ClCompile Include="demo_c16.cpp">
      <Filter>Source Files</Filter>
    </ClCompile>
    <ClCompile Include="demo_c17.cpp">
      <Filter>Source Files</Filter>
    </ClCompile>
    <ClCompile Include="demo_c18.cpp">
      <Filter>Source Files</Filter>
    </ClCompile>
    <ClCompile Include="demo_c19.cpp">
      <Filter>Source Files</Filter>
    </ClCompile>
    <ClCompile Include="demo_c20.cpp">
      <Filter>Source Files</Filter>
    </ClCompile>
    <ClCompile Include="demo_c21.cpp">
      <Filter>Source Files</Filter>
    </ClCompile>
    <ClCompile Include="demo_c22.cpp">
      <Filter>Source Files</Filter>
    </ClCompile>
    <ClCompile Include="demo_c23.cpp">
      <Filter>Source Files</Filter>
    </ClCompile>
    <ClCompile Include="demo_c24.cpp">
      <Filter>Source Files</Filter>
    </ClCompile>
    <ClCompile Include="demo_c25.cpp">
      <Filter>Source Files</Filter>
    </ClCompile>
    <ClCompile Include="demo_c26.cpp">
      <Filter>Source Files</Filter>
    </ClCompile>
    <ClCompile Include="demo_c27.cpp">
      <Filter>Source Files</Filter>
    </ClCompile>
    <ClCompile Include="demo_c28.cpp">
      <Filter>Source Files</Filter>
    </ClCompile>
    <ClCompile Include="demo_c29.cpp">
      <Filter>Source Files</Filter>
    </ClCompile>
    <ClCompile Include="demo_c30.cpp">
      <Filter>Source Files</Filter>
    </ClCompile>
    <ClCompile Include="demo_c31.cpp">
      <Filter>Source Files</Filter>
    </ClCompile>
    <ClCompile Include="demo_c32.cpp">
      <Filter>Source Files</Filter>
    </ClCompile>
    <ClCompile Include="demo_c33.cpp">
      <Filter>Source Files</Filter>
    </ClCompile>
    <ClCompile Include="demo_c34.cpp">
      <Filter>Source Files</Filter>
    </ClCompile>
    <ClCompile Include="demo_c35.cpp">
      <Filter>Source Files</Filter>
    </ClCompile>
    <ClCompile Include="demo_c36.cpp">
      <Filter>Source Files</Filter>
    </ClCompile>
    <ClCompile Include="demo_c37.cpp">
      <Filter>Source Files</Filter>
    </ClCompile>
    <ClCompile Include="demo_c38.cpp">
      <Filter>Source Files</Filter>
    </ClCompile>
    <ClCompile Include="demo_c39.cpp">
      <Filter>Source Files</Filter>
    </ClCompile>
    <ClCompile Include="demo_c40.cpp">
      <Filter>Source Files</Filter>
    </ClCompile>
    <ClCompile Include="demo_c41.cpp">
      <Filter>Source Files</Filter>
    </ClCompile>
    <ClCompile Include="demo_c42.cpp">
      <Filter>Source Files</Filter>
    </ClCompile>
    <ClCompile Include="demo_c43.cpp">
      <Filter>Source Files</Filter>
    </ClCompile>
    <ClCompile Include="demo_c44.cpp">
      <Filter>Source Files</Filter>
    </ClCompile>
    <ClCompile Include="demo_c45.cpp">
      <Filter>Source Files</Filter>
    </ClCompile>
    <ClCompile Include="demo_c46.cpp">
      <Filter>Source Files</Filter>
    </ClCompile>
    <ClCompile Include="demo_c47.cpp">
      <Filter>Source Files</Filter>
    </ClCompile>
    <ClCompile Include="demo_c48.cpp">
      <Filter>Source Files</Filter>
    </ClCompile>
    <ClCompile Include="demo_c49.cpp">
      <Filter>Source Files</Filter>
    </ClCompile>
    <ClCompile Include="demo_c50.cpp">
      <Filter>Source Files</Filter>
    </ClCompile>
    <ClCompile Include="demo_c51.cpp">
      <Filter>Source Files</Filter>
    </ClCompile>
    <ClCompile Include="demo_c52.cpp">
      <Filter>Source Files</Filter>
    </ClCompile>
    <ClCompile Include="demo_c53.cpp">
      <Filter>Source Files</Filter>
    </ClCompile>
    <ClCompile Include="demo_c54.cpp">
      <Filter>Source Files</Filter>
    </ClCompile>
    <ClCompile Include="demo_c55.cpp">
      <Filter>Source Files</Filter>
    </ClCompile>
    <ClCompile Include="demo_c56.cpp">
      <Filter>Source Files</Filter>
    </ClCompile>
    <ClCompile Include="demo_c57.cpp">
      <Filter>Source Files</Filter>
    </ClCompile>
    <ClCompile Include="demo_c58.cpp">
      <Filter>Source Files</Filter>
    </ClCompile>
    <ClCompile Include="demo_c59.cpp">
      <Filter>Source Files</Filter>
    </ClCompile>
    <ClCompile Include="demo_c60.cpp">
      <Filter>Source Files</Filter>
    </ClCompile>
    <ClCompile Include="demo_c61.cpp">
      <Filter>Source Files</Filter>
    </ClCompile>
    <ClCompile Include="demo_c62.cpp">
      <Filter>Source Files</Filter>
    </ClCompile>
    <ClCompile Include="demo_c63.cpp">
      <Filter>Source Files</Filter>
    </ClCompile>
    <ClCompile Include="demo_c64.cpp">
      <Filter>Source Files</Filter>
    </ClCompile>
    <ClCompile Include="demo_c65.cpp">
      <Filter>Source Files</Filter>
    </ClCompile>
    <ClCompile Include="demo_c66.cpp">
      <Filter>Source Files</Filter>
    </ClCompile>
    <ClCompile Include="demo_c67.cpp">
      <Filter>Source Files</Filter>
    </ClCompile>
    <ClCompile Include="demo_c68.cpp">
      <Filter>Source Files</Filter>
    </ClCompile>
    <ClCompile Include="demo_c69.cpp">
      <Filter>Source Files</Filter>
    </ClCompile>
    <ClCompile Include="demo_c70.cpp">
      <Filter>Source Files</Filter>
    </ClCompile>
    <ClCompile Include="demo_c71.cpp">
      <Filter>Source Files</Filter>
    </ClCompile>
    <ClCompile Include="demo_c72.cpp">
      <Filter>Source Files</Filter>
    </ClCompile>
    <ClCompile Include="demo_c73.cpp">
      <Filter>Source Files</Filter>
    </ClCompile>
    <ClCompile Include="demo_c74.cpp">
      <Filter>Source Files</Filter>
    </ClCompile>
    <ClCompile Include="demo_c75.cpp">
      <Filter>Source Files</Filter>
    </ClCompile>
    <ClCompile Include="demo_c76.cpp">
      <Filter>Source Files</Filter>
    </ClCompile>
    <ClCompile Include="demo_c77.cpp">
      <Filter>Source Files</Filter>
    </ClCompile>
    <ClCompile Include="demo_c78.cpp">
      <Filter>Source Files</Filter>
    </ClCompile>
    <ClCompile Include="demo_c79.cpp">
      <Filter>Source Files</Filter>
    </ClCompile>
    <ClCompile Include="demo_c80.cpp">
      <Filter>Source Files</Filter>
    </ClCompile>
    <ClCompile Include="demo_c81.cpp">
      <Filter>Source Files</Filter>
    </ClCompile>
    <ClCompile Include="demo_c82.cpp">
      <Filter>Source Files</Filter>
    </ClCompile>
    <ClCompile Include="demo_c83.cpp">
      <Filter>Source Files</Filter>
    </ClCompile>
    <ClCompile Include="demo_c84.cpp">
      <Filter>Source Files</Filter>
    </ClCompile>
    <ClCompile Include="demo_c85.cpp">
      <Filter>Source Files</Filter>
    </ClCompile>
    <ClCompile Include="demo_c86.cpp">
      <Filter>Source Files</Filter>
    </ClCompile>
    <ClCompile Include="demo_c87.cpp">
      <Filter>Source Files</Filter>
    </ClCompile>
    <ClCompile Include="demo_c88.cpp">
      <Filter>Source Files</Filter>
    </ClCompile>
    <ClCompile Include="demo_c89.cpp">
      <Filter>Source Files</Filter>
    </ClCompile>
    <ClCompile Include="demo_c90.cpp">
      <Filter>Source Files</Filter>
    </ClCompile>
    <ClCompile Include="demo_c91.cpp">
      <Filter>Source Files</Filter>
    </ClCompile>
    <ClCompile Include="demo_c92.cpp">
      <Filter>Source Files</Filter>
    </ClCompile>
    <ClCompile Include="demo_c93.cpp">
      <Filter>Source Files</Filter>
    </ClCompile>
    <ClCompile Include="demo_c94.cpp">
      <Filter>Source Files</Filter>
    </ClCompile>
    <ClCompile Include="demo_c95.cpp">
      <Filter>Source Files</Filter>
    </ClCompile>
    <ClCompile Include="demo_c96.cpp">
      <Filter>Source Files</Filter>
    </ClCompile>
    <ClCompile Include="demo_c97.cpp">
      <Filter>Source Files</Filter>
    </ClCompile>
    <ClCompile Include="demo_c98.cpp">
      <Filter>Source Files</Filter>
    </ClCompile>
    <ClCompile Include="demo_c99.cpp">
      <Filter>Source Files</Filter>
    </ClCompile>
    <ClCompile Include="demo_c100.cpp">
      <Filter>Source Files</Filter>
    </ClCompile>
    <ClCompile Include="demo_c101.cpp">
      <Filter>Source Files</Filter>
    </ClCompile>
    <ClCompile Include="demo_c102.cpp">
      <Filter>Source Files</Filter>
    </ClCompile>
    <ClCompile Include="demo_c103.cpp">
      <Filter>Source Files</Filter>
    </ClCompile>
    <ClCompile Include="demo_c104.cpp">
      <Filter>Source Files</Filter>
    </ClCompile>
    <ClCompile Include="demo_c105.cpp">
      <Filter>Source Files</Filter>
    </ClCompile>
    <ClCompile Include="demo_c106.cpp">
      <Filter>Source Files</Filter>
    </ClCompile>
    <ClCompile Include="demo_c107.cpp">
      <Filter>Source Files</Filter>
    </ClCompile>
    <ClCompile Include="demo_c108.cpp">
      <Filter>Source Files</Filter>
    </ClCompile>
    <ClCompile Include="demo_c109.cpp">
      <Filter>Source Files</Filter>
    </ClCompile>
  </ItemGroup>
</Project>